<?xml version="1.0" encoding="utf-8"?>
<Project ToolsVersion="4.0" xmlns="http://schemas.microsoft.com/developer/msbuild/2003">
  <ItemGroup>
    <Filter Include="Source Files">
      <UniqueIdentifier>{4FC737F1-C7A5-4376-A066-2A32D752A2FF}</UniqueIdentifier>
      <Extensions>cpp;c;cxx;def;odl;idl;hpj;bat;asm;asmx</Extensions>
    </Filter>
  </ItemGroup>
  <ItemGroup>
    <ClCompile Include="application.cpp">
      <Filter>Source Files</Filter>
    </ClCompile>
    <ClCompile Include="MyBall.cpp">
      <Filter>Source Files</Filter>
    </ClCompile>
    <ClCompile Include="MySpring.cpp">
      <Filter>Source Files</Filter>
    </ClCompile>
    <ClCompile Include="Person.cpp">
      <Filter>Source Files</Filter>
    </ClCompile>
    <ClCompile Include="MyMaterial.cpp">
      <Filter>Source Files</Filter>
    </ClCompile>
    <ClCompile Include="MyProxyAlgorithm.cpp">
      <Filter>Source Files</Filter>
    </ClCompile>
  </ItemGroup>
  <ItemGroup>
    <Object Include="wall2.obj" />
    <Object Include="wall3.obj" />
    <Object Include="wall_v10.obj" />
  </ItemGroup>
  <ItemGroup>
    <Image Include="2k_moon.jpg" />
  </ItemGroup>
  <ItemGroup>
    <ClInclude Include="MyBall.h" />
    <ClInclude Include="MySpring.h" />
    <ClInclude Include="Person.h" />
    <ClInclude Include="MyMaterial.h" />
    <ClInclude Include="MyProxyAlgorithm.h" />
  </ItemGroup>
</Project>